
Microsoft Visual Studio Solution File, Format Version 12.00
# Visual Studio 15
VisualStudioVersion = 15.0.28307.539
MinimumVisualStudioVersion = 10.0.40219.1
Project("{FAE04EC0-301F-11D3-BF4B-00C04F79EFBC}") = "CoreApiWithMongo", "CoreApiWithMongo\CoreApiWithMongo.csproj", "{AD3A6E30-0118-43DA-9E64-21CFA9CCB3E8}"
EndProject
Global
	GlobalSection(SolutionConfigurationPlatforms) = preSolution
		Debug|Any CPU = Debug|Any CPU
		Release|Any CPU = Release|Any CPU
	EndGlobalSection
	GlobalSection(ProjectConfigurationPlatforms) = postSolution
		{AD3A6E30-0118-43DA-9E64-21CFA9CCB3E8}.Debug|Any CPU.ActiveCfg = Debug|Any CPU
		{AD3A6E30-0118-43DA-9E64-21CFA9CCB3E8}.Debug|Any CPU.Build.0 = Debug|Any CPU
		{AD3A6E30-0118-43DA-9E64-21CFA9CCB3E8}.Release|Any CPU.ActiveCfg = Release|Any CPU
		{AD3A6E30-0118-43DA-9E64-21CFA9CCB3E8}.Release|Any CPU.Build.0 = Release|Any CPU
	EndGlobalSection
	GlobalSection(SolutionProperties) = preSolution
		HideSolutionNode = FALSE
	EndGlobalSection
	GlobalSection(ExtensibilityGlobals) = postSolution
		SolutionGuid = {5FD89963-E101-4E55-B753-5691D6A6E4A5}
	EndGlobalSection
EndGlobal
